
Microsoft Visual Studio Solution File, Format Version 10.00
# Visual C++ Express 2008
Project("{8BC9CEB8-8B4A-11D0-8D11-00A0C91BC942}") = "Map Log", "Map Log\Map Log.vcproj", "{801A87F2-5B5B-4AD2-A549-84910957350B}"
EndProject
Global
	GlobalSection(SolutionConfigurationPlatforms) = preSolution
		Debug|Win32 = Debug|Win32
		Release|Win32 = Release|Win32
	EndGlobalSection
	GlobalSection(ProjectConfigurationPlatforms) = postSolution
		{801A87F2-5B5B-4AD2-A549-84910957350B}.Debug|Win32.ActiveCfg = Debug|Win32
		{801A87F2-5B5B-4AD2-A549-84910957350B}.Debug|Win32.Build.0 = Debug|Win32
		{801A87F2-5B5B-4AD2-A549-84910957350B}.Release|Win32.ActiveCfg = Release|Win32
		{801A87F2-5B5B-4AD2-A549-84910957350B}.Release|Win32.Build.0 = Release|Win32
	EndGlobalSection
	GlobalSection(SolutionProperties) = preSolution
		HideSolutionNode = FALSE
	EndGlobalSection
EndGlobal
